github.com/gen2brain/raylib-go/raylib v0.0.0-20230511170620-d84e4cc82f8d h1:M1gq2devl4lx6K0Gky7CvbYrxMMP2uC903C9bO+GO28=
github.com/gen2brain/raylib-go/raylib v0.0.0-20230511170620-d84e4cc82f8d/go.mod h1:AwtGA3aTtYdezNxEVbfchaLw/z+CuRDh2Mlxy0FbBro=
github.com/godbus/dbus/v5 v5.1.0 h1:4KLkAxT3aOY8Li4FRJe/KvhoNFFxo0m6fNuFUO8QJUk=
github.com/godbus/dbus/v5 v5.1.0/go.mod h1:xhWf0FNVPg57R7Z0UbKHbJfkEywrmjJnf7w5xrFpKfA=
